// !$*UTF8*$!
{
	archiveVersion = 1;
	classes = {
	};
	objectVersion = 52;
	objects = {

/* Begin PBXBuildFile section */
		0750F63924CB5382004B9DED /* Launch.storyboard in Resources */ = {isa = PBXBuildFile; fileRef = 0750F63824CB5382004B9DED /* Launch.storyboard */; };
		077FB3CA24B465DC00AAB327 /* watchOS WatchKit App.app in Embed Watch Content */ = {isa = PBXBuildFile; fileRef = 077FB3C924B465DC00AAB327 /* watchOS WatchKit App.app */; settings = {ATTRIBUTES = (RemoveHeadersOnCopy, ); }; };
		077FB3CF24B465DE00AAB327 /* Assets.xcassets in Resources */ = {isa = PBXBuildFile; fileRef = 077FB3CE24B465DE00AAB327 /* Assets.xcassets */; };
		077FB3D624B465DE00AAB327 /* watchOS WatchKit Extension.appex in Embed App Extensions */ = {isa = PBXBuildFile; fileRef = 077FB3D524B465DE00AAB327 /* watchOS WatchKit Extension.appex */; settings = {ATTRIBUTES = (RemoveHeadersOnCopy, ); }; };
		077FB3DD24B465DE00AAB327 /* TubeStatusApp.swift in Sources */ = {isa = PBXBuildFile; fileRef = 077FB3DC24B465DE00AAB327 /* TubeStatusApp.swift */; };
		077FB3DF24B465DE00AAB327 /* ComplicationController.swift in Sources */ = {isa = PBXBuildFile; fileRef = 077FB3DE24B465DE00AAB327 /* ComplicationController.swift */; };
		077FB3E124B465DF00AAB327 /* Assets.xcassets in Resources */ = {isa = PBXBuildFile; fileRef = 077FB3E024B465DF00AAB327 /* Assets.xcassets */; };
		077FB3FE24B4679500AAB327 /* tvOSApp.swift in Sources */ = {isa = PBXBuildFile; fileRef = 077FB3FD24B4679500AAB327 /* tvOSApp.swift */; };
		077FB40224B4679500AAB327 /* Assets.xcassets in Resources */ = {isa = PBXBuildFile; fileRef = 077FB40124B4679500AAB327 /* Assets.xcassets */; };
		07BA5C5524B8C6AA00193157 /* macOSApp.swift in Sources */ = {isa = PBXBuildFile; fileRef = 07BA5C5424B8C6AA00193157 /* macOSApp.swift */; };
		07BA5C5924B8C6AA00193157 /* Assets.xcassets in Resources */ = {isa = PBXBuildFile; fileRef = 07BA5C5824B8C6AA00193157 /* Assets.xcassets */; };
		07DD248227176A3400D39A5B /* About in Frameworks */ = {isa = PBXBuildFile; productRef = 07DD248127176A3400D39A5B /* About */; };
		07DD24872718067300D39A5B /* JourneyPlanner in Frameworks */ = {isa = PBXBuildFile; productRef = 07DD24862718067300D39A5B /* JourneyPlanner */; };
		07DD24892718067E00D39A5B /* UndergroundStatus in Frameworks */ = {isa = PBXBuildFile; productRef = 07DD24882718067E00D39A5B /* UndergroundStatus */; };
		07DD248D2718069700D39A5B /* UndergroundStatus in Frameworks */ = {isa = PBXBuildFile; productRef = 07DD248C2718069700D39A5B /* UndergroundStatus */; };
		07DD248F2718091B00D39A5B /* UndergroundStatus in Frameworks */ = {isa = PBXBuildFile; productRef = 07DD248E2718091B00D39A5B /* UndergroundStatus */; };
		07DD24912718092700D39A5B /* UndergroundStatus in Frameworks */ = {isa = PBXBuildFile; productRef = 07DD24902718092700D39A5B /* UndergroundStatus */; };
		07DD24932718093000D39A5B /* UndergroundStatus in Frameworks */ = {isa = PBXBuildFile; productRef = 07DD24922718093000D39A5B /* UndergroundStatus */; };
		07DD24952718093A00D39A5B /* UndergroundStatus in Frameworks */ = {isa = PBXBuildFile; productRef = 07DD24942718093A00D39A5B /* UndergroundStatus */; };
		7C09CAA024A51301000D9431 /* LineSelection.intentdefinition in Sources */ = {isa = PBXBuildFile; fileRef = 7C09CA9F24A51301000D9431 /* LineSelection.intentdefinition */; };
		7C09CAB624A524D4000D9431 /* LineSelection.intentdefinition in Sources */ = {isa = PBXBuildFile; fileRef = 7C09CA9F24A51301000D9431 /* LineSelection.intentdefinition */; };
		7C18739324A3A45E009CCECC /* TubeStatusApp.swift in Sources */ = {isa = PBXBuildFile; fileRef = 7C18739224A3A45E009CCECC /* TubeStatusApp.swift */; };
		7C18739724A3A462009CCECC /* Assets.xcassets in Resources */ = {isa = PBXBuildFile; fileRef = 7C18739624A3A462009CCECC /* Assets.xcassets */; };
		7C18741224A3A858009CCECC /* WidgetKit.framework in Frameworks */ = {isa = PBXBuildFile; fileRef = 7C1873D424A3A52E009CCECC /* WidgetKit.framework */; };
		7C18741324A3A858009CCECC /* SwiftUI.framework in Frameworks */ = {isa = PBXBuildFile; fileRef = 7C1873D624A3A52E009CCECC /* SwiftUI.framework */; };
		7C18741624A3A858009CCECC /* AllLinesProvider.swift in Sources */ = {isa = PBXBuildFile; fileRef = 7C18741524A3A858009CCECC /* AllLinesProvider.swift */; };
		7C18741824A3A85A009CCECC /* Assets.xcassets in Resources */ = {isa = PBXBuildFile; fileRef = 7C18741724A3A85A009CCECC /* Assets.xcassets */; };
		7C18741C24A3A85A009CCECC /* iOS-Widget.appex in Embed App Extensions */ = {isa = PBXBuildFile; fileRef = 7C18741124A3A858009CCECC /* iOS-Widget.appex */; settings = {ATTRIBUTES = (RemoveHeadersOnCopy, ); }; };
		7CA560E224A4E3D100A0399E /* SingleLineProvider.swift in Sources */ = {isa = PBXBuildFile; fileRef = 7CA560E024A4E28B00A0399E /* SingleLineProvider.swift */; };
		7CA560E424A4E5BC00A0399E /* WidgetBundle.swift in Sources */ = {isa = PBXBuildFile; fileRef = 7CA560E324A4E5BC00A0399E /* WidgetBundle.swift */; };
/* End PBXBuildFile section */

/* Begin PBXContainerItemProxy section */
		077FB3CB24B465DC00AAB327 /* PBXContainerItemProxy */ = {
			isa = PBXContainerItemProxy;
			containerPortal = 7C18738724A3A45E009CCECC /* Project object */;
			proxyType = 1;
			remoteGlobalIDString = 077FB3C824B465DC00AAB327;
			remoteInfo = "watchOS WatchKit App";
		};
		077FB3D724B465DE00AAB327 /* PBXContainerItemProxy */ = {
			isa = PBXContainerItemProxy;
			containerPortal = 7C18738724A3A45E009CCECC /* Project object */;
			proxyType = 1;
			remoteGlobalIDString = 077FB3D424B465DE00AAB327;
			remoteInfo = "watchOS WatchKit Extension";
		};
		7C18741A24A3A85A009CCECC /* PBXContainerItemProxy */ = {
			isa = PBXContainerItemProxy;
			containerPortal = 7C18738724A3A45E009CCECC /* Project object */;
			proxyType = 1;
			remoteGlobalIDString = 7C18741024A3A858009CCECC;
			remoteInfo = HomescreenExtension;
		};
/* End PBXContainerItemProxy section */

/* Begin PBXCopyFilesBuildPhase section */
		076CCB3E24BA0EC400770D9D /* Embed Frameworks */ = {
			isa = PBXCopyFilesBuildPhase;
			buildActionMask = 2147483647;
			dstPath = "";
			dstSubfolderSpec = 10;
			files = (
			);
			name = "Embed Frameworks";
			runOnlyForDeploymentPostprocessing = 0;
		};
		076CCB4224BA13CE00770D9D /* Embed Frameworks */ = {
			isa = PBXCopyFilesBuildPhase;
			buildActionMask = 2147483647;
			dstPath = "";
			dstSubfolderSpec = 10;
			files = (
			);
			name = "Embed Frameworks";
			runOnlyForDeploymentPostprocessing = 0;
		};
		077FB3BE24B4631300AAB327 /* Embed Watch Content */ = {
			isa = PBXCopyFilesBuildPhase;
			buildActionMask = 2147483647;
			dstPath = "$(CONTENTS_FOLDER_PATH)/Watch";
			dstSubfolderSpec = 16;
			files = (
			);
			name = "Embed Watch Content";
			runOnlyForDeploymentPostprocessing = 0;
		};
		077FB3E924B465DF00AAB327 /* Embed App Extensions */ = {
			isa = PBXCopyFilesBuildPhase;
			buildActionMask = 2147483647;
			dstPath = "";
			dstSubfolderSpec = 13;
			files = (
				077FB3D624B465DE00AAB327 /* watchOS WatchKit Extension.appex in Embed App Extensions */,
			);
			name = "Embed App Extensions";
			runOnlyForDeploymentPostprocessing = 0;
		};
		077FB3ED24B465DF00AAB327 /* Embed Watch Content */ = {
			isa = PBXCopyFilesBuildPhase;
			buildActionMask = 2147483647;
			dstPath = "$(CONTENTS_FOLDER_PATH)/Watch";
			dstSubfolderSpec = 16;
			files = (
				077FB3CA24B465DC00AAB327 /* watchOS WatchKit App.app in Embed Watch Content */,
			);
			name = "Embed Watch Content";
			runOnlyForDeploymentPostprocessing = 0;
		};
		077FB40D24B467A900AAB327 /* Embed Frameworks */ = {
			isa = PBXCopyFilesBuildPhase;
			buildActionMask = 2147483647;
			dstPath = "";
			dstSubfolderSpec = 10;
			files = (
			);
			name = "Embed Frameworks";
			runOnlyForDeploymentPostprocessing = 0;
		};
		07BA5C6524B8C6C900193157 /* Embed Frameworks */ = {
			isa = PBXCopyFilesBuildPhase;
			buildActionMask = 2147483647;
			dstPath = "";
			dstSubfolderSpec = 10;
			files = (
			);
			name = "Embed Frameworks";
			runOnlyForDeploymentPostprocessing = 0;
		};
		7C1873E424A3A531009CCECC /* Embed App Extensions */ = {
			isa = PBXCopyFilesBuildPhase;
			buildActionMask = 2147483647;
			dstPath = "";
			dstSubfolderSpec = 13;
			files = (
				7C18741C24A3A85A009CCECC /* iOS-Widget.appex in Embed App Extensions */,
			);
			name = "Embed App Extensions";
			runOnlyForDeploymentPostprocessing = 0;
		};
		7C18743A24A3A8EF009CCECC /* Embed Frameworks */ = {
			isa = PBXCopyFilesBuildPhase;
			buildActionMask = 2147483647;
			dstPath = "";
			dstSubfolderSpec = 10;
			files = (
			);
			name = "Embed Frameworks";
			runOnlyForDeploymentPostprocessing = 0;
		};
/* End PBXCopyFilesBuildPhase section */

/* Begin PBXFileReference section */
		0750F63824CB5382004B9DED /* Launch.storyboard */ = {isa = PBXFileReference; lastKnownFileType = file.storyboard; path = Launch.storyboard; sourceTree = "<group>"; };
		076BC46F24B461FB0006AADB /* Shared.framework */ = {isa = PBXFileReference; explicitFileType = wrapper.framework; path = Shared.framework; sourceTree = BUILT_PRODUCTS_DIR; };
		076BC47224B462030006AADB /* Shared.framework */ = {isa = PBXFileReference; explicitFileType = wrapper.framework; path = Shared.framework; sourceTree = BUILT_PRODUCTS_DIR; };
		076CCB3B24BA0EC400770D9D /* Shared.framework */ = {isa = PBXFileReference; explicitFileType = wrapper.framework; path = Shared.framework; sourceTree = BUILT_PRODUCTS_DIR; };
		076CCB3F24BA13CD00770D9D /* Shared.framework */ = {isa = PBXFileReference; explicitFileType = wrapper.framework; path = Shared.framework; sourceTree = BUILT_PRODUCTS_DIR; };
		077FB3BF24B4636000AAB327 /* Shared.framework */ = {isa = PBXFileReference; explicitFileType = wrapper.framework; path = Shared.framework; sourceTree = BUILT_PRODUCTS_DIR; };
		077FB3C624B465DC00AAB327 /* watchOS.app */ = {isa = PBXFileReference; explicitFileType = wrapper.application; includeInIndex = 0; path = watchOS.app; sourceTree = BUILT_PRODUCTS_DIR; };
		077FB3C924B465DC00AAB327 /* watchOS WatchKit App.app */ = {isa = PBXFileReference; explicitFileType = wrapper.application; includeInIndex = 0; path = "watchOS WatchKit App.app"; sourceTree = BUILT_PRODUCTS_DIR; };
		077FB3CE24B465DE00AAB327 /* Assets.xcassets */ = {isa = PBXFileReference; lastKnownFileType = folder.assetcatalog; path = Assets.xcassets; sourceTree = "<group>"; };
		077FB3D024B465DE00AAB327 /* Info.plist */ = {isa = PBXFileReference; lastKnownFileType = text.plist.xml; path = Info.plist; sourceTree = "<group>"; };
		077FB3D524B465DE00AAB327 /* watchOS WatchKit Extension.appex */ = {isa = PBXFileReference; explicitFileType = "wrapper.app-extension"; includeInIndex = 0; path = "watchOS WatchKit Extension.appex"; sourceTree = BUILT_PRODUCTS_DIR; };
		077FB3DC24B465DE00AAB327 /* TubeStatusApp.swift */ = {isa = PBXFileReference; lastKnownFileType = sourcecode.swift; path = TubeStatusApp.swift; sourceTree = "<group>"; };
		077FB3DE24B465DE00AAB327 /* ComplicationController.swift */ = {isa = PBXFileReference; lastKnownFileType = sourcecode.swift; path = ComplicationController.swift; sourceTree = "<group>"; };
		077FB3E024B465DF00AAB327 /* Assets.xcassets */ = {isa = PBXFileReference; lastKnownFileType = folder.assetcatalog; path = Assets.xcassets; sourceTree = "<group>"; };
		077FB3E524B465DF00AAB327 /* Info.plist */ = {isa = PBXFileReference; lastKnownFileType = text.plist.xml; path = Info.plist; sourceTree = "<group>"; };
		077FB3F224B466B200AAB327 /* Shared.framework */ = {isa = PBXFileReference; explicitFileType = wrapper.framework; path = Shared.framework; sourceTree = BUILT_PRODUCTS_DIR; };
		077FB3FB24B4679500AAB327 /* tvOS.app */ = {isa = PBXFileReference; explicitFileType = wrapper.application; includeInIndex = 0; path = tvOS.app; sourceTree = BUILT_PRODUCTS_DIR; };
		077FB3FD24B4679500AAB327 /* tvOSApp.swift */ = {isa = PBXFileReference; lastKnownFileType = sourcecode.swift; path = tvOSApp.swift; sourceTree = "<group>"; };
		077FB40124B4679500AAB327 /* Assets.xcassets */ = {isa = PBXFileReference; lastKnownFileType = folder.assetcatalog; path = Assets.xcassets; sourceTree = "<group>"; };
		077FB40624B4679500AAB327 /* Info.plist */ = {isa = PBXFileReference; lastKnownFileType = text.plist.xml; path = Info.plist; sourceTree = "<group>"; };
		077FB40A24B467A900AAB327 /* Shared.framework */ = {isa = PBXFileReference; explicitFileType = wrapper.framework; path = Shared.framework; sourceTree = BUILT_PRODUCTS_DIR; };
		07BA5C5224B8C6AA00193157 /* macOS.app */ = {isa = PBXFileReference; explicitFileType = wrapper.application; includeInIndex = 0; path = macOS.app; sourceTree = BUILT_PRODUCTS_DIR; };
		07BA5C5424B8C6AA00193157 /* macOSApp.swift */ = {isa = PBXFileReference; lastKnownFileType = sourcecode.swift; path = macOSApp.swift; sourceTree = "<group>"; };
		07BA5C5824B8C6AA00193157 /* Assets.xcassets */ = {isa = PBXFileReference; lastKnownFileType = folder.assetcatalog; path = Assets.xcassets; sourceTree = "<group>"; };
		07BA5C5D24B8C6AA00193157 /* Info.plist */ = {isa = PBXFileReference; lastKnownFileType = text.plist.xml; path = Info.plist; sourceTree = "<group>"; };
		07BA5C5E24B8C6AA00193157 /* macOS.entitlements */ = {isa = PBXFileReference; lastKnownFileType = text.plist.entitlements; path = macOS.entitlements; sourceTree = "<group>"; };
		07BA5C6224B8C6C900193157 /* Shared.framework */ = {isa = PBXFileReference; explicitFileType = wrapper.framework; path = Shared.framework; sourceTree = BUILT_PRODUCTS_DIR; };
		07BA5C6724B8CAAF00193157 /* iOS-Widget.entitlements */ = {isa = PBXFileReference; lastKnownFileType = text.plist.entitlements; path = "iOS-Widget.entitlements"; sourceTree = "<group>"; };
		7C09CA9F24A51301000D9431 /* LineSelection.intentdefinition */ = {isa = PBXFileReference; lastKnownFileType = file.intentdefinition; path = LineSelection.intentdefinition; sourceTree = "<group>"; };
		7C09CAA624A518AA000D9431 /* IntentsUI.framework */ = {isa = PBXFileReference; lastKnownFileType = wrapper.framework; name = IntentsUI.framework; path = System/Library/Frameworks/IntentsUI.framework; sourceTree = SDKROOT; };
		7C18738F24A3A45E009CCECC /* iOS.app */ = {isa = PBXFileReference; explicitFileType = wrapper.application; includeInIndex = 0; path = iOS.app; sourceTree = BUILT_PRODUCTS_DIR; };
		7C18739224A3A45E009CCECC /* TubeStatusApp.swift */ = {isa = PBXFileReference; lastKnownFileType = sourcecode.swift; path = TubeStatusApp.swift; sourceTree = "<group>"; };
		7C18739624A3A462009CCECC /* Assets.xcassets */ = {isa = PBXFileReference; lastKnownFileType = folder.assetcatalog; path = Assets.xcassets; sourceTree = "<group>"; };
		7C18739B24A3A462009CCECC /* Info.plist */ = {isa = PBXFileReference; lastKnownFileType = text.plist.xml; path = Info.plist; sourceTree = "<group>"; };
		7C1873D424A3A52E009CCECC /* WidgetKit.framework */ = {isa = PBXFileReference; lastKnownFileType = wrapper.framework; name = WidgetKit.framework; path = System/Library/Frameworks/WidgetKit.framework; sourceTree = SDKROOT; };
		7C1873D624A3A52E009CCECC /* SwiftUI.framework */ = {isa = PBXFileReference; lastKnownFileType = wrapper.framework; name = SwiftUI.framework; path = System/Library/Frameworks/SwiftUI.framework; sourceTree = SDKROOT; };
		7C18741124A3A858009CCECC /* iOS-Widget.appex */ = {isa = PBXFileReference; explicitFileType = "wrapper.app-extension"; includeInIndex = 0; path = "iOS-Widget.appex"; sourceTree = BUILT_PRODUCTS_DIR; };
		7C18741524A3A858009CCECC /* AllLinesProvider.swift */ = {isa = PBXFileReference; lastKnownFileType = sourcecode.swift; path = AllLinesProvider.swift; sourceTree = "<group>"; };
		7C18741724A3A85A009CCECC /* Assets.xcassets */ = {isa = PBXFileReference; lastKnownFileType = folder.assetcatalog; path = Assets.xcassets; sourceTree = "<group>"; };
		7C18741924A3A85A009CCECC /* Info.plist */ = {isa = PBXFileReference; lastKnownFileType = text.plist.xml; path = Info.plist; sourceTree = "<group>"; };
		7CA560E024A4E28B00A0399E /* SingleLineProvider.swift */ = {isa = PBXFileReference; lastKnownFileType = sourcecode.swift; path = SingleLineProvider.swift; sourceTree = "<group>"; };
		7CA560E324A4E5BC00A0399E /* WidgetBundle.swift */ = {isa = PBXFileReference; lastKnownFileType = sourcecode.swift; path = WidgetBundle.swift; sourceTree = "<group>"; };
/* End PBXFileReference section */

/* Begin PBXFrameworksBuildPhase section */
		077FB3D224B465DE00AAB327 /* Frameworks */ = {
			isa = PBXFrameworksBuildPhase;
			buildActionMask = 2147483647;
			files = (
				07DD24932718093000D39A5B /* UndergroundStatus in Frameworks */,
			);
			runOnlyForDeploymentPostprocessing = 0;
		};
		077FB3F524B466B200AAB327 /* Frameworks */ = {
			isa = PBXFrameworksBuildPhase;
			buildActionMask = 2147483647;
			files = (
				07DD24952718093A00D39A5B /* UndergroundStatus in Frameworks */,
			);
			runOnlyForDeploymentPostprocessing = 0;
		};
		077FB3F824B4679500AAB327 /* Frameworks */ = {
			isa = PBXFrameworksBuildPhase;
			buildActionMask = 2147483647;
			files = (
				07DD24912718092700D39A5B /* UndergroundStatus in Frameworks */,
			);
			runOnlyForDeploymentPostprocessing = 0;
		};
		07BA5C4F24B8C6AA00193157 /* Frameworks */ = {
			isa = PBXFrameworksBuildPhase;
			buildActionMask = 2147483647;
			files = (
				07DD248F2718091B00D39A5B /* UndergroundStatus in Frameworks */,
			);
			runOnlyForDeploymentPostprocessing = 0;
		};
		7C18738C24A3A45E009CCECC /* Frameworks */ = {
			isa = PBXFrameworksBuildPhase;
			buildActionMask = 2147483647;
			files = (
				07DD24872718067300D39A5B /* JourneyPlanner in Frameworks */,
				07DD24892718067E00D39A5B /* UndergroundStatus in Frameworks */,
				07DD248227176A3400D39A5B /* About in Frameworks */,
			);
			runOnlyForDeploymentPostprocessing = 0;
		};
		7C18740E24A3A858009CCECC /* Frameworks */ = {
			isa = PBXFrameworksBuildPhase;
			buildActionMask = 2147483647;
			files = (
				7C18741324A3A858009CCECC /* SwiftUI.framework in Frameworks */,
				07DD248D2718069700D39A5B /* UndergroundStatus in Frameworks */,
				7C18741224A3A858009CCECC /* WidgetKit.framework in Frameworks */,
			);
			runOnlyForDeploymentPostprocessing = 0;
		};
/* End PBXFrameworksBuildPhase section */

/* Begin PBXGroup section */
		077FB3CD24B465DC00AAB327 /* watchOS WatchKit App */ = {
			isa = PBXGroup;
			children = (
				077FB3CE24B465DE00AAB327 /* Assets.xcassets */,
				077FB3D024B465DE00AAB327 /* Info.plist */,
			);
			path = "watchOS WatchKit App";
			sourceTree = "<group>";
		};
		077FB3D924B465DE00AAB327 /* watchOS WatchKit Extension */ = {
			isa = PBXGroup;
			children = (
				077FB3DC24B465DE00AAB327 /* TubeStatusApp.swift */,
				077FB3DE24B465DE00AAB327 /* ComplicationController.swift */,
				077FB3E024B465DF00AAB327 /* Assets.xcassets */,
				077FB3E524B465DF00AAB327 /* Info.plist */,
			);
			path = "watchOS WatchKit Extension";
			sourceTree = "<group>";
		};
		077FB3FC24B4679500AAB327 /* tvOS */ = {
			isa = PBXGroup;
			children = (
				077FB3FD24B4679500AAB327 /* tvOSApp.swift */,
				077FB40124B4679500AAB327 /* Assets.xcassets */,
				077FB40624B4679500AAB327 /* Info.plist */,
			);
			path = tvOS;
			sourceTree = "<group>";
		};
		07BA5C5324B8C6AA00193157 /* macOS */ = {
			isa = PBXGroup;
			children = (
				07BA5C5424B8C6AA00193157 /* macOSApp.swift */,
				07BA5C5824B8C6AA00193157 /* Assets.xcassets */,
				07BA5C5D24B8C6AA00193157 /* Info.plist */,
				07BA5C5E24B8C6AA00193157 /* macOS.entitlements */,
			);
			path = macOS;
			sourceTree = "<group>";
		};
		7C18738624A3A45E009CCECC = {
			isa = PBXGroup;
			children = (
				07BA5C6724B8CAAF00193157 /* iOS-Widget.entitlements */,
				7C18739124A3A45E009CCECC /* iOS */,
				7C18741424A3A858009CCECC /* Widget */,
				077FB3CD24B465DC00AAB327 /* watchOS WatchKit App */,
				077FB3D924B465DE00AAB327 /* watchOS WatchKit Extension */,
				077FB3FC24B4679500AAB327 /* tvOS */,
				07BA5C5324B8C6AA00193157 /* macOS */,
				7C1873D324A3A52E009CCECC /* Frameworks */,
				7C18739024A3A45E009CCECC /* Products */,
			);
			sourceTree = "<group>";
		};
		7C18739024A3A45E009CCECC /* Products */ = {
			isa = PBXGroup;
			children = (
				7C18738F24A3A45E009CCECC /* iOS.app */,
				7C18741124A3A858009CCECC /* iOS-Widget.appex */,
				077FB3C624B465DC00AAB327 /* watchOS.app */,
				077FB3C924B465DC00AAB327 /* watchOS WatchKit App.app */,
				077FB3D524B465DE00AAB327 /* watchOS WatchKit Extension.appex */,
				077FB3FB24B4679500AAB327 /* tvOS.app */,
				07BA5C5224B8C6AA00193157 /* macOS.app */,
			);
			name = Products;
			sourceTree = "<group>";
		};
		7C18739124A3A45E009CCECC /* iOS */ = {
			isa = PBXGroup;
			children = (
				7C18739224A3A45E009CCECC /* TubeStatusApp.swift */,
				7C18739624A3A462009CCECC /* Assets.xcassets */,
				7C18739B24A3A462009CCECC /* Info.plist */,
				0750F63824CB5382004B9DED /* Launch.storyboard */,
			);
			path = iOS;
			sourceTree = "<group>";
		};
		7C1873D324A3A52E009CCECC /* Frameworks */ = {
			isa = PBXGroup;
			children = (
				076CCB3F24BA13CD00770D9D /* Shared.framework */,
				076CCB3B24BA0EC400770D9D /* Shared.framework */,
				07BA5C6224B8C6C900193157 /* Shared.framework */,
				077FB40A24B467A900AAB327 /* Shared.framework */,
				077FB3F224B466B200AAB327 /* Shared.framework */,
				077FB3BF24B4636000AAB327 /* Shared.framework */,
				076BC47224B462030006AADB /* Shared.framework */,
				076BC46F24B461FB0006AADB /* Shared.framework */,
				7C1873D424A3A52E009CCECC /* WidgetKit.framework */,
				7C1873D624A3A52E009CCECC /* SwiftUI.framework */,
				7C09CAA624A518AA000D9431 /* IntentsUI.framework */,
			);
			name = Frameworks;
			sourceTree = "<group>";
		};
		7C18741424A3A858009CCECC /* Widget */ = {
			isa = PBXGroup;
			children = (
				7CA560E324A4E5BC00A0399E /* WidgetBundle.swift */,
				7C18741524A3A858009CCECC /* AllLinesProvider.swift */,
				7CA560E024A4E28B00A0399E /* SingleLineProvider.swift */,
				7C09CA9F24A51301000D9431 /* LineSelection.intentdefinition */,
				7C18741724A3A85A009CCECC /* Assets.xcassets */,
				7C18741924A3A85A009CCECC /* Info.plist */,
			);
			path = Widget;
			sourceTree = "<group>";
		};
/* End PBXGroup section */

/* Begin PBXNativeTarget section */
		077FB3C524B465DC00AAB327 /* watchOS */ = {
			isa = PBXNativeTarget;
			buildConfigurationList = 077FB3EE24B465DF00AAB327 /* Build configuration list for PBXNativeTarget "watchOS" */;
			buildPhases = (
				077FB3C424B465DC00AAB327 /* Resources */,
				077FB3ED24B465DF00AAB327 /* Embed Watch Content */,
			);
			buildRules = (
			);
			dependencies = (
				077FB3CC24B465DC00AAB327 /* PBXTargetDependency */,
			);
			name = watchOS;
			productName = watchOS;
			productReference = 077FB3C624B465DC00AAB327 /* watchOS.app */;
			productType = "com.apple.product-type.application.watchapp2-container";
		};
		077FB3C824B465DC00AAB327 /* watchOS WatchKit App */ = {
			isa = PBXNativeTarget;
			buildConfigurationList = 077FB3EA24B465DF00AAB327 /* Build configuration list for PBXNativeTarget "watchOS WatchKit App" */;
			buildPhases = (
				077FB3C724B465DC00AAB327 /* Resources */,
				077FB3E924B465DF00AAB327 /* Embed App Extensions */,
				077FB3F524B466B200AAB327 /* Frameworks */,
				076CCB3E24BA0EC400770D9D /* Embed Frameworks */,
			);
			buildRules = (
			);
			dependencies = (
				077FB3D824B465DE00AAB327 /* PBXTargetDependency */,
			);
			name = "watchOS WatchKit App";
			packageProductDependencies = (
				07DD24942718093A00D39A5B /* UndergroundStatus */,
			);
			productName = "watchOS WatchKit App";
			productReference = 077FB3C924B465DC00AAB327 /* watchOS WatchKit App.app */;
			productType = "com.apple.product-type.application.watchapp2";
		};
		077FB3D424B465DE00AAB327 /* watchOS WatchKit Extension */ = {
			isa = PBXNativeTarget;
			buildConfigurationList = 077FB3E624B465DF00AAB327 /* Build configuration list for PBXNativeTarget "watchOS WatchKit Extension" */;
			buildPhases = (
				077FB3D124B465DE00AAB327 /* Sources */,
				077FB3D224B465DE00AAB327 /* Frameworks */,
				077FB3D324B465DE00AAB327 /* Resources */,
				076CCB4224BA13CE00770D9D /* Embed Frameworks */,
			);
			buildRules = (
			);
			dependencies = (
			);
			name = "watchOS WatchKit Extension";
			packageProductDependencies = (
				07DD24922718093000D39A5B /* UndergroundStatus */,
			);
			productName = "watchOS WatchKit Extension";
			productReference = 077FB3D524B465DE00AAB327 /* watchOS WatchKit Extension.appex */;
			productType = "com.apple.product-type.watchkit2-extension";
		};
		077FB3FA24B4679500AAB327 /* tvOS */ = {
			isa = PBXNativeTarget;
			buildConfigurationList = 077FB40724B4679500AAB327 /* Build configuration list for PBXNativeTarget "tvOS" */;
			buildPhases = (
				077FB3F724B4679500AAB327 /* Sources */,
				077FB3F824B4679500AAB327 /* Frameworks */,
				077FB3F924B4679500AAB327 /* Resources */,
				077FB40D24B467A900AAB327 /* Embed Frameworks */,
			);
			buildRules = (
			);
			dependencies = (
			);
			name = tvOS;
			packageProductDependencies = (
				07DD24902718092700D39A5B /* UndergroundStatus */,
			);
			productName = tvOS;
			productReference = 077FB3FB24B4679500AAB327 /* tvOS.app */;
			productType = "com.apple.product-type.application";
		};
		07BA5C5124B8C6AA00193157 /* macOS */ = {
			isa = PBXNativeTarget;
			buildConfigurationList = 07BA5C6124B8C6AA00193157 /* Build configuration list for PBXNativeTarget "macOS" */;
			buildPhases = (
				07BA5C4E24B8C6AA00193157 /* Sources */,
				07BA5C4F24B8C6AA00193157 /* Frameworks */,
				07BA5C5024B8C6AA00193157 /* Resources */,
				07BA5C6524B8C6C900193157 /* Embed Frameworks */,
			);
			buildRules = (
			);
			dependencies = (
			);
			name = macOS;
			packageProductDependencies = (
				07DD248E2718091B00D39A5B /* UndergroundStatus */,
			);
			productName = macOS;
			productReference = 07BA5C5224B8C6AA00193157 /* macOS.app */;
			productType = "com.apple.product-type.application";
		};
		7C18738E24A3A45E009CCECC /* iOS */ = {
			isa = PBXNativeTarget;
			buildConfigurationList = 7C1873B424A3A462009CCECC /* Build configuration list for PBXNativeTarget "iOS" */;
			buildPhases = (
				0799EBC8273D99E40070BE45 /* swiftlint */,
				7C18738B24A3A45E009CCECC /* Sources */,
				7C18738C24A3A45E009CCECC /* Frameworks */,
				7C18738D24A3A45E009CCECC /* Resources */,
				7C1873E424A3A531009CCECC /* Embed App Extensions */,
				7C18743A24A3A8EF009CCECC /* Embed Frameworks */,
				077FB3BE24B4631300AAB327 /* Embed Watch Content */,
			);
			buildRules = (
			);
			dependencies = (
				7C18741B24A3A85A009CCECC /* PBXTargetDependency */,
			);
			name = iOS;
			packageProductDependencies = (
				07DD248127176A3400D39A5B /* About */,
				07DD24862718067300D39A5B /* JourneyPlanner */,
				07DD24882718067E00D39A5B /* UndergroundStatus */,
			);
			productName = TubeStatus;
			productReference = 7C18738F24A3A45E009CCECC /* iOS.app */;
			productType = "com.apple.product-type.application";
		};
		7C18741024A3A858009CCECC /* iOS-Widget */ = {
			isa = PBXNativeTarget;
			buildConfigurationList = 7C18741D24A3A85A009CCECC /* Build configuration list for PBXNativeTarget "iOS-Widget" */;
			buildPhases = (
				7C18740D24A3A858009CCECC /* Sources */,
				7C18740E24A3A858009CCECC /* Frameworks */,
				7C18740F24A3A858009CCECC /* Resources */,
			);
			buildRules = (
			);
			dependencies = (
			);
			name = "iOS-Widget";
			packageProductDependencies = (
				07DD248C2718069700D39A5B /* UndergroundStatus */,
			);
			productName = HomescreenExtension;
			productReference = 7C18741124A3A858009CCECC /* iOS-Widget.appex */;
			productType = "com.apple.product-type.app-extension";
		};
/* End PBXNativeTarget section */

/* Begin PBXProject section */
		7C18738724A3A45E009CCECC /* Project object */ = {
			isa = PBXProject;
			attributes = {
				LastSwiftUpdateCheck = 1200;
				LastUpgradeCheck = 1300;
				TargetAttributes = {
					077FB3C524B465DC00AAB327 = {
						CreatedOnToolsVersion = 12.0;
					};
					077FB3C824B465DC00AAB327 = {
						CreatedOnToolsVersion = 12.0;
					};
					077FB3D424B465DE00AAB327 = {
						CreatedOnToolsVersion = 12.0;
					};
					077FB3FA24B4679500AAB327 = {
						CreatedOnToolsVersion = 12.0;
					};
					07BA5C5124B8C6AA00193157 = {
						CreatedOnToolsVersion = 12.0;
					};
					7C18738E24A3A45E009CCECC = {
						CreatedOnToolsVersion = 12.0;
					};
					7C18741024A3A858009CCECC = {
						CreatedOnToolsVersion = 12.0;
					};
				};
			};
			buildConfigurationList = 7C18738A24A3A45E009CCECC /* Build configuration list for PBXProject "TubeStatus" */;
			compatibilityVersion = "Xcode 9.3";
			developmentRegion = en;
			hasScannedForEncodings = 0;
			knownRegions = (
				en,
				Base,
			);
			mainGroup = 7C18738624A3A45E009CCECC;
			productRefGroup = 7C18739024A3A45E009CCECC /* Products */;
			projectDirPath = "";
			projectRoot = "";
			targets = (
				7C18738E24A3A45E009CCECC /* iOS */,
				7C18741024A3A858009CCECC /* iOS-Widget */,
				077FB3C524B465DC00AAB327 /* watchOS */,
				077FB3C824B465DC00AAB327 /* watchOS WatchKit App */,
				077FB3D424B465DE00AAB327 /* watchOS WatchKit Extension */,
				077FB3FA24B4679500AAB327 /* tvOS */,
				07BA5C5124B8C6AA00193157 /* macOS */,
			);
		};
/* End PBXProject section */

/* Begin PBXResourcesBuildPhase section */
		077FB3C424B465DC00AAB327 /* Resources */ = {
			isa = PBXResourcesBuildPhase;
			buildActionMask = 2147483647;
			files = (
			);
			runOnlyForDeploymentPostprocessing = 0;
		};
		077FB3C724B465DC00AAB327 /* Resources */ = {
			isa = PBXResourcesBuildPhase;
			buildActionMask = 2147483647;
			files = (
				077FB3CF24B465DE00AAB327 /* Assets.xcassets in Resources */,
			);
			runOnlyForDeploymentPostprocessing = 0;
		};
		077FB3D324B465DE00AAB327 /* Resources */ = {
			isa = PBXResourcesBuildPhase;
			buildActionMask = 2147483647;
			files = (
				077FB3E124B465DF00AAB327 /* Assets.xcassets in Resources */,
			);
			runOnlyForDeploymentPostprocessing = 0;
		};
		077FB3F924B4679500AAB327 /* Resources */ = {
			isa = PBXResourcesBuildPhase;
			buildActionMask = 2147483647;
			files = (
				077FB40224B4679500AAB327 /* Assets.xcassets in Resources */,
			);
			runOnlyForDeploymentPostprocessing = 0;
		};
		07BA5C5024B8C6AA00193157 /* Resources */ = {
			isa = PBXResourcesBuildPhase;
			buildActionMask = 2147483647;
			files = (
				07BA5C5924B8C6AA00193157 /* Assets.xcassets in Resources */,
			);
			runOnlyForDeploymentPostprocessing = 0;
		};
		7C18738D24A3A45E009CCECC /* Resources */ = {
			isa = PBXResourcesBuildPhase;
			buildActionMask = 2147483647;
			files = (
				7C18739724A3A462009CCECC /* Assets.xcassets in Resources */,
				0750F63924CB5382004B9DED /* Launch.storyboard in Resources */,
			);
			runOnlyForDeploymentPostprocessing = 0;
		};
		7C18740F24A3A858009CCECC /* Resources */ = {
			isa = PBXResourcesBuildPhase;
			buildActionMask = 2147483647;
			files = (
				7C18741824A3A85A009CCECC /* Assets.xcassets in Resources */,
			);
			runOnlyForDeploymentPostprocessing = 0;
		};
/* End PBXResourcesBuildPhase section */

/* Begin PBXShellScriptBuildPhase section */
		0799EBC8273D99E40070BE45 /* swiftlint */ = {
			isa = PBXShellScriptBuildPhase;
			buildActionMask = 2147483647;
			files = (
			);
			inputFileListPaths = (
			);
			inputPaths = (
			);
			name = swiftlint;
			outputFileListPaths = (
			);
			outputPaths = (
			);
			runOnlyForDeploymentPostprocessing = 0;
			shellPath = /bin/sh;
			shellScript = "if which swiftlint >/dev/null; then\n  swiftlint\nelse\n  echo \"warning: SwiftLint not installed, download from https://github.com/realm/SwiftLint\"\nfi\n";
		};
/* End PBXShellScriptBuildPhase section */

/* Begin PBXSourcesBuildPhase section */
		077FB3D124B465DE00AAB327 /* Sources */ = {
			isa = PBXSourcesBuildPhase;
			buildActionMask = 2147483647;
			files = (
				077FB3DD24B465DE00AAB327 /* TubeStatusApp.swift in Sources */,
				077FB3DF24B465DE00AAB327 /* ComplicationController.swift in Sources */,
			);
			runOnlyForDeploymentPostprocessing = 0;
		};
		077FB3F724B4679500AAB327 /* Sources */ = {
			isa = PBXSourcesBuildPhase;
			buildActionMask = 2147483647;
			files = (
				077FB3FE24B4679500AAB327 /* tvOSApp.swift in Sources */,
			);
			runOnlyForDeploymentPostprocessing = 0;
		};
		07BA5C4E24B8C6AA00193157 /* Sources */ = {
			isa = PBXSourcesBuildPhase;
			buildActionMask = 2147483647;
			files = (
				07BA5C5524B8C6AA00193157 /* macOSApp.swift in Sources */,
			);
			runOnlyForDeploymentPostprocessing = 0;
		};
		7C18738B24A3A45E009CCECC /* Sources */ = {
			isa = PBXSourcesBuildPhase;
			buildActionMask = 2147483647;
			files = (
				7C09CAB624A524D4000D9431 /* LineSelection.intentdefinition in Sources */,
				7C18739324A3A45E009CCECC /* TubeStatusApp.swift in Sources */,
			);
			runOnlyForDeploymentPostprocessing = 0;
		};
		7C18740D24A3A858009CCECC /* Sources */ = {
			isa = PBXSourcesBuildPhase;
			buildActionMask = 2147483647;
			files = (
				7CA560E424A4E5BC00A0399E /* WidgetBundle.swift in Sources */,
				7C09CAA024A51301000D9431 /* LineSelection.intentdefinition in Sources */,
				7CA560E224A4E3D100A0399E /* SingleLineProvider.swift in Sources */,
				7C18741624A3A858009CCECC /* AllLinesProvider.swift in Sources */,
			);
			runOnlyForDeploymentPostprocessing = 0;
		};
/* End PBXSourcesBuildPhase section */

/* Begin PBXTargetDependency section */
		077FB3CC24B465DC00AAB327 /* PBXTargetDependency */ = {
			isa = PBXTargetDependency;
			target = 077FB3C824B465DC00AAB327 /* watchOS WatchKit App */;
			targetProxy = 077FB3CB24B465DC00AAB327 /* PBXContainerItemProxy */;
		};
		077FB3D824B465DE00AAB327 /* PBXTargetDependency */ = {
			isa = PBXTargetDependency;
			target = 077FB3D424B465DE00AAB327 /* watchOS WatchKit Extension */;
			targetProxy = 077FB3D724B465DE00AAB327 /* PBXContainerItemProxy */;
		};
		7C18741B24A3A85A009CCECC /* PBXTargetDependency */ = {
			isa = PBXTargetDependency;
			target = 7C18741024A3A858009CCECC /* iOS-Widget */;
			targetProxy = 7C18741A24A3A85A009CCECC /* PBXContainerItemProxy */;
		};
/* End PBXTargetDependency section */

/* Begin XCBuildConfiguration section */
		077035E4273C69A300F8D373 /* Beta */ = {
			isa = XCBuildConfiguration;
			buildSettings = {
				ALWAYS_SEARCH_USER_PATHS = NO;
				CLANG_ANALYZER_NONNULL = YES;
				CLANG_ANALYZER_NUMBER_OBJECT_CONVERSION = YES_AGGRESSIVE;
				CLANG_CXX_LANGUAGE_STANDARD = "gnu++14";
				CLANG_CXX_LIBRARY = "libc++";
				CLANG_ENABLE_MODULES = YES;
				CLANG_ENABLE_OBJC_ARC = YES;
				CLANG_ENABLE_OBJC_WEAK = YES;
				CLANG_WARN_BLOCK_CAPTURE_AUTORELEASING = YES;
				CLANG_WARN_BOOL_CONVERSION = YES;
				CLANG_WARN_COMMA = YES;
				CLANG_WARN_CONSTANT_CONVERSION = YES;
				CLANG_WARN_DEPRECATED_OBJC_IMPLEMENTATIONS = YES;
				CLANG_WARN_DIRECT_OBJC_ISA_USAGE = YES_ERROR;
				CLANG_WARN_DOCUMENTATION_COMMENTS = YES;
				CLANG_WARN_EMPTY_BODY = YES;
				CLANG_WARN_ENUM_CONVERSION = YES;
				CLANG_WARN_INFINITE_RECURSION = YES;
				CLANG_WARN_INT_CONVERSION = YES;
				CLANG_WARN_NON_LITERAL_NULL_CONVERSION = YES;
				CLANG_WARN_OBJC_IMPLICIT_RETAIN_SELF = YES;
				CLANG_WARN_OBJC_LITERAL_CONVERSION = YES;
				CLANG_WARN_OBJC_ROOT_CLASS = YES_ERROR;
				CLANG_WARN_QUOTED_INCLUDE_IN_FRAMEWORK_HEADER = YES;
				CLANG_WARN_RANGE_LOOP_ANALYSIS = YES;
				CLANG_WARN_STRICT_PROTOTYPES = YES;
				CLANG_WARN_SUSPICIOUS_MOVE = YES;
				CLANG_WARN_UNGUARDED_AVAILABILITY = YES_AGGRESSIVE;
				CLANG_WARN_UNREACHABLE_CODE = YES;
				CLANG_WARN__DUPLICATE_METHOD_MATCH = YES;
				COPY_PHASE_STRIP = NO;
				DEBUG_INFORMATION_FORMAT = "dwarf-with-dsym";
				ENABLE_NS_ASSERTIONS = NO;
				ENABLE_STRICT_OBJC_MSGSEND = YES;
				GCC_C_LANGUAGE_STANDARD = gnu11;
				GCC_NO_COMMON_BLOCKS = YES;
				GCC_WARN_64_TO_32_BIT_CONVERSION = YES;
				GCC_WARN_ABOUT_RETURN_TYPE = YES_ERROR;
				GCC_WARN_UNDECLARED_SELECTOR = YES;
				GCC_WARN_UNINITIALIZED_AUTOS = YES_AGGRESSIVE;
				GCC_WARN_UNUSED_FUNCTION = YES;
				GCC_WARN_UNUSED_VARIABLE = YES;
				IPHONEOS_DEPLOYMENT_TARGET = 14.0;
				MTL_ENABLE_DEBUG_INFO = NO;
				MTL_FAST_MATH = YES;
				SDKROOT = iphoneos;
				SWIFT_COMPILATION_MODE = wholemodule;
				SWIFT_OPTIMIZATION_LEVEL = "-O";
				VALIDATE_PRODUCT = YES;
			};
			name = Beta;
		};
		077035E5273C69A300F8D373 /* Beta */ = {
			isa = XCBuildConfiguration;
			buildSettings = {
				ALWAYS_EMBED_SWIFT_STANDARD_LIBRARIES = YES;
				ASSETCATALOG_COMPILER_APPICON_NAME = AppIcon;
				ASSETCATALOG_COMPILER_GLOBAL_ACCENT_COLOR_NAME = AccentColor;
				CODE_SIGN_STYLE = Automatic;
				CURRENT_PROJECT_VERSION = 1;
				DEVELOPMENT_ASSET_PATHS = "";
				DEVELOPMENT_TEAM = Z86DH46P79;
				ENABLE_PREVIEWS = YES;
				INFOPLIST_FILE = iOS/Info.plist;
				IPHONEOS_DEPLOYMENT_TARGET = 14.0;
				LD_RUNPATH_SEARCH_PATHS = (
					"$(inherited)",
					"@executable_path/Frameworks",
				);
				PRODUCT_BUNDLE_IDENTIFIER = "com.oliver-binns.tubestatus.beta";
				PRODUCT_NAME = "$(TARGET_NAME)";
				SWIFT_VERSION = 5.0;
				TARGETED_DEVICE_FAMILY = "1,2";
			};
			name = Beta;
		};
		077035E6273C69A300F8D373 /* Beta */ = {
			isa = XCBuildConfiguration;
			buildSettings = {
				APPLICATION_EXTENSION_API_ONLY = YES;
				ASSETCATALOG_COMPILER_GLOBAL_ACCENT_COLOR_NAME = AccentColor;
				ASSETCATALOG_COMPILER_WIDGET_BACKGROUND_COLOR_NAME = WidgetBackground;
				CODE_SIGN_ENTITLEMENTS = "iOS-Widget.entitlements";
				CODE_SIGN_STYLE = Automatic;
				CURRENT_PROJECT_VERSION = 1;
				DEVELOPMENT_TEAM = Z86DH46P79;
				INFOPLIST_FILE = Widget/Info.plist;
				LD_RUNPATH_SEARCH_PATHS = (
					"$(inherited)",
					"@executable_path/Frameworks",
					"@executable_path/../../Frameworks",
				);
				PRODUCT_BUNDLE_IDENTIFIER = "com.oliver-binns.tubestatus.beta.homescreen";
				PRODUCT_NAME = "$(TARGET_NAME)";
				SKIP_INSTALL = YES;
				SUPPORTS_MACCATALYST = NO;
				SWIFT_VERSION = 5.0;
				TARGETED_DEVICE_FAMILY = "1,2";
			};
			name = Beta;
		};
		077035E7273C69A300F8D373 /* Beta */ = {
			isa = XCBuildConfiguration;
			buildSettings = {
				ASSETCATALOG_COMPILER_GLOBAL_ACCENT_COLOR_NAME = AccentColor;
				CODE_SIGN_STYLE = Automatic;
				CURRENT_PROJECT_VERSION = 1;
				DEVELOPMENT_TEAM = Z86DH46P79;
				MARKETING_VERSION = 1.0;
				PRODUCT_BUNDLE_IDENTIFIER = com.oliverbinns.tubestatus.watchOS;
				PRODUCT_NAME = "$(TARGET_NAME)";
				SWIFT_VERSION = 5.0;
			};
			name = Beta;
		};
		077035E8273C69A300F8D373 /* Beta */ = {
			isa = XCBuildConfiguration;
			buildSettings = {
				ALWAYS_EMBED_SWIFT_STANDARD_LIBRARIES = YES;
				ASSETCATALOG_COMPILER_APPICON_NAME = AppIcon;
				ASSETCATALOG_COMPILER_GLOBAL_ACCENT_COLOR_NAME = AccentColor;
				CODE_SIGN_STYLE = Automatic;
				DEVELOPMENT_TEAM = Z86DH46P79;
				IBSC_MODULE = watchOS_WatchKit_Extension;
				INFOPLIST_FILE = "watchOS WatchKit App/Info.plist";
				LD_RUNPATH_SEARCH_PATHS = (
					"$(inherited)",
					"@executable_path/Frameworks",
				);
				PRODUCT_BUNDLE_IDENTIFIER = com.oliverbinns.tubestatus.watchOS.watchkitapp;
				PRODUCT_NAME = "$(TARGET_NAME)";
				SDKROOT = watchos;
				SKIP_INSTALL = YES;
				SWIFT_VERSION = 5.0;
				TARGETED_DEVICE_FAMILY = 4;
				WATCHOS_DEPLOYMENT_TARGET = 7.0;
			};
			name = Beta;
		};
		077035E9273C69A300F8D373 /* Beta */ = {
			isa = XCBuildConfiguration;
			buildSettings = {
				ASSETCATALOG_COMPILER_COMPLICATION_NAME = Complication;
				CODE_SIGN_STYLE = Automatic;
				DEVELOPMENT_TEAM = Z86DH46P79;
				ENABLE_PREVIEWS = YES;
				INFOPLIST_FILE = "watchOS WatchKit Extension/Info.plist";
				LD_RUNPATH_SEARCH_PATHS = (
					"$(inherited)",
					"@executable_path/Frameworks",
					"@executable_path/../../Frameworks",
				);
				PRODUCT_BUNDLE_IDENTIFIER = com.oliverbinns.tubestatus.watchOS.watchkitapp.watchkitextension;
				PRODUCT_NAME = "${TARGET_NAME}";
				SDKROOT = watchos;
				SKIP_INSTALL = YES;
				SWIFT_VERSION = 5.0;
				TARGETED_DEVICE_FAMILY = 4;
				WATCHOS_DEPLOYMENT_TARGET = 7.0;
			};
			name = Beta;
		};
		077035EA273C69A300F8D373 /* Beta */ = {
			isa = XCBuildConfiguration;
			buildSettings = {
				ASSETCATALOG_COMPILER_APPICON_NAME = "App Icon & Top Shelf Image";
				ASSETCATALOG_COMPILER_GLOBAL_ACCENT_COLOR_NAME = AccentColor;
				CODE_SIGN_STYLE = Automatic;
				DEVELOPMENT_TEAM = Z86DH46P79;
				ENABLE_PREVIEWS = YES;
				INFOPLIST_FILE = tvOS/Info.plist;
				LD_RUNPATH_SEARCH_PATHS = (
					"$(inherited)",
					"@executable_path/Frameworks",
				);
				PRODUCT_BUNDLE_IDENTIFIER = com.oliverbinns.tubestatus.tvOS;
				PRODUCT_NAME = "$(TARGET_NAME)";
				SDKROOT = appletvos;
				SWIFT_VERSION = 5.0;
				TARGETED_DEVICE_FAMILY = 3;
				TVOS_DEPLOYMENT_TARGET = 14.0;
			};
			name = Beta;
		};
		077035EB273C69A300F8D373 /* Beta */ = {
			isa = XCBuildConfiguration;
			buildSettings = {
				ASSETCATALOG_COMPILER_APPICON_NAME = AppIcon;
				ASSETCATALOG_COMPILER_GLOBAL_ACCENT_COLOR_NAME = AccentColor;
				CODE_SIGN_ENTITLEMENTS = macOS/macOS.entitlements;
				CODE_SIGN_IDENTITY = "-";
				CODE_SIGN_STYLE = Automatic;
				COMBINE_HIDPI_IMAGES = YES;
				DEVELOPMENT_TEAM = Z86DH46P79;
				ENABLE_HARDENED_RUNTIME = YES;
				ENABLE_PREVIEWS = YES;
				INFOPLIST_FILE = macOS/Info.plist;
				LD_RUNPATH_SEARCH_PATHS = (
					"$(inherited)",
					"@executable_path/../Frameworks",
				);
				MACOSX_DEPLOYMENT_TARGET = 10.16;
				PRODUCT_BUNDLE_IDENTIFIER = com.oliverbinns.tubestatus.macOS;
				PRODUCT_NAME = "$(TARGET_NAME)";
				SDKROOT = macosx;
				SWIFT_VERSION = 5.0;
			};
			name = Beta;
		};
		077035EC273C69A900F8D373 /* Alpha */ = {
			isa = XCBuildConfiguration;
			buildSettings = {
				ALWAYS_SEARCH_USER_PATHS = NO;
				CLANG_ANALYZER_NONNULL = YES;
				CLANG_ANALYZER_NUMBER_OBJECT_CONVERSION = YES_AGGRESSIVE;
				CLANG_CXX_LANGUAGE_STANDARD = "gnu++14";
				CLANG_CXX_LIBRARY = "libc++";
				CLANG_ENABLE_MODULES = YES;
				CLANG_ENABLE_OBJC_ARC = YES;
				CLANG_ENABLE_OBJC_WEAK = YES;
				CLANG_WARN_BLOCK_CAPTURE_AUTORELEASING = YES;
				CLANG_WARN_BOOL_CONVERSION = YES;
				CLANG_WARN_COMMA = YES;
				CLANG_WARN_CONSTANT_CONVERSION = YES;
				CLANG_WARN_DEPRECATED_OBJC_IMPLEMENTATIONS = YES;
				CLANG_WARN_DIRECT_OBJC_ISA_USAGE = YES_ERROR;
				CLANG_WARN_DOCUMENTATION_COMMENTS = YES;
				CLANG_WARN_EMPTY_BODY = YES;
				CLANG_WARN_ENUM_CONVERSION = YES;
				CLANG_WARN_INFINITE_RECURSION = YES;
				CLANG_WARN_INT_CONVERSION = YES;
				CLANG_WARN_NON_LITERAL_NULL_CONVERSION = YES;
				CLANG_WARN_OBJC_IMPLICIT_RETAIN_SELF = YES;
				CLANG_WARN_OBJC_LITERAL_CONVERSION = YES;
				CLANG_WARN_OBJC_ROOT_CLASS = YES_ERROR;
				CLANG_WARN_QUOTED_INCLUDE_IN_FRAMEWORK_HEADER = YES;
				CLANG_WARN_RANGE_LOOP_ANALYSIS = YES;
				CLANG_WARN_STRICT_PROTOTYPES = YES;
				CLANG_WARN_SUSPICIOUS_MOVE = YES;
				CLANG_WARN_UNGUARDED_AVAILABILITY = YES_AGGRESSIVE;
				CLANG_WARN_UNREACHABLE_CODE = YES;
				CLANG_WARN__DUPLICATE_METHOD_MATCH = YES;
				COPY_PHASE_STRIP = NO;
				DEBUG_INFORMATION_FORMAT = "dwarf-with-dsym";
				ENABLE_NS_ASSERTIONS = NO;
				ENABLE_STRICT_OBJC_MSGSEND = YES;
				GCC_C_LANGUAGE_STANDARD = gnu11;
				GCC_NO_COMMON_BLOCKS = YES;
				GCC_WARN_64_TO_32_BIT_CONVERSION = YES;
				GCC_WARN_ABOUT_RETURN_TYPE = YES_ERROR;
				GCC_WARN_UNDECLARED_SELECTOR = YES;
				GCC_WARN_UNINITIALIZED_AUTOS = YES_AGGRESSIVE;
				GCC_WARN_UNUSED_FUNCTION = YES;
				GCC_WARN_UNUSED_VARIABLE = YES;
				IPHONEOS_DEPLOYMENT_TARGET = 14.0;
				MTL_ENABLE_DEBUG_INFO = NO;
				MTL_FAST_MATH = YES;
				SDKROOT = iphoneos;
				SWIFT_COMPILATION_MODE = wholemodule;
				SWIFT_OPTIMIZATION_LEVEL = "-O";
				VALIDATE_PRODUCT = YES;
			};
			name = Alpha;
		};
		077035ED273C69A900F8D373 /* Alpha */ = {
			isa = XCBuildConfiguration;
			buildSettings = {
				ALWAYS_EMBED_SWIFT_STANDARD_LIBRARIES = YES;
				ASSETCATALOG_COMPILER_APPICON_NAME = AppIcon;
				ASSETCATALOG_COMPILER_GLOBAL_ACCENT_COLOR_NAME = AccentColor;
				CODE_SIGN_STYLE = Automatic;
				CURRENT_PROJECT_VERSION = 1;
				DEVELOPMENT_ASSET_PATHS = "";
				DEVELOPMENT_TEAM = Z86DH46P79;
				ENABLE_PREVIEWS = YES;
				INFOPLIST_FILE = iOS/Info.plist;
				IPHONEOS_DEPLOYMENT_TARGET = 14.0;
				LD_RUNPATH_SEARCH_PATHS = (
					"$(inherited)",
					"@executable_path/Frameworks",
				);
				PRODUCT_BUNDLE_IDENTIFIER = "com.oliver-binns.tubestatus.alpha";
				PRODUCT_NAME = "$(TARGET_NAME)";
				SWIFT_VERSION = 5.0;
				TARGETED_DEVICE_FAMILY = "1,2";
			};
			name = Alpha;
		};
		077035EE273C69A900F8D373 /* Alpha */ = {
			isa = XCBuildConfiguration;
			buildSettings = {
				APPLICATION_EXTENSION_API_ONLY = YES;
				ASSETCATALOG_COMPILER_GLOBAL_ACCENT_COLOR_NAME = AccentColor;
				ASSETCATALOG_COMPILER_WIDGET_BACKGROUND_COLOR_NAME = WidgetBackground;
				CODE_SIGN_ENTITLEMENTS = "iOS-Widget.entitlements";
				CODE_SIGN_STYLE = Automatic;
				CURRENT_PROJECT_VERSION = 1;
				DEVELOPMENT_TEAM = Z86DH46P79;
				INFOPLIST_FILE = Widget/Info.plist;
				LD_RUNPATH_SEARCH_PATHS = (
					"$(inherited)",
					"@executable_path/Frameworks",
					"@executable_path/../../Frameworks",
				);
				PRODUCT_BUNDLE_IDENTIFIER = "com.oliver-binns.tubestatus.alpha.homescreen";
				PRODUCT_NAME = "$(TARGET_NAME)";
				SKIP_INSTALL = YES;
				SUPPORTS_MACCATALYST = NO;
				SWIFT_VERSION = 5.0;
				TARGETED_DEVICE_FAMILY = "1,2";
			};
			name = Alpha;
		};
		077035EF273C69A900F8D373 /* Alpha */ = {
			isa = XCBuildConfiguration;
			buildSettings = {
				ASSETCATALOG_COMPILER_GLOBAL_ACCENT_COLOR_NAME = AccentColor;
				CODE_SIGN_STYLE = Automatic;
				CURRENT_PROJECT_VERSION = 1;
				DEVELOPMENT_TEAM = Z86DH46P79;
				MARKETING_VERSION = 1.0;
				PRODUCT_BUNDLE_IDENTIFIER = com.oliverbinns.tubestatus.watchOS;
				PRODUCT_NAME = "$(TARGET_NAME)";
				SWIFT_VERSION = 5.0;
			};
			name = Alpha;
		};
		077035F0273C69A900F8D373 /* Alpha */ = {
			isa = XCBuildConfiguration;
			buildSettings = {
				ALWAYS_EMBED_SWIFT_STANDARD_LIBRARIES = YES;
				ASSETCATALOG_COMPILER_APPICON_NAME = AppIcon;
				ASSETCATALOG_COMPILER_GLOBAL_ACCENT_COLOR_NAME = AccentColor;
				CODE_SIGN_STYLE = Automatic;
				DEVELOPMENT_TEAM = Z86DH46P79;
				IBSC_MODULE = watchOS_WatchKit_Extension;
				INFOPLIST_FILE = "watchOS WatchKit App/Info.plist";
				LD_RUNPATH_SEARCH_PATHS = (
					"$(inherited)",
					"@executable_path/Frameworks",
				);
				PRODUCT_BUNDLE_IDENTIFIER = com.oliverbinns.tubestatus.watchOS.watchkitapp;
				PRODUCT_NAME = "$(TARGET_NAME)";
				SDKROOT = watchos;
				SKIP_INSTALL = YES;
				SWIFT_VERSION = 5.0;
				TARGETED_DEVICE_FAMILY = 4;
				WATCHOS_DEPLOYMENT_TARGET = 7.0;
			};
			name = Alpha;
		};
		077035F1273C69A900F8D373 /* Alpha */ = {
			isa = XCBuildConfiguration;
			buildSettings = {
				ASSETCATALOG_COMPILER_COMPLICATION_NAME = Complication;
				CODE_SIGN_STYLE = Automatic;
				DEVELOPMENT_TEAM = Z86DH46P79;
				ENABLE_PREVIEWS = YES;
				INFOPLIST_FILE = "watchOS WatchKit Extension/Info.plist";
				LD_RUNPATH_SEARCH_PATHS = (
					"$(inherited)",
					"@executable_path/Frameworks",
					"@executable_path/../../Frameworks",
				);
				PRODUCT_BUNDLE_IDENTIFIER = com.oliverbinns.tubestatus.watchOS.watchkitapp.watchkitextension;
				PRODUCT_NAME = "${TARGET_NAME}";
				SDKROOT = watchos;
				SKIP_INSTALL = YES;
				SWIFT_VERSION = 5.0;
				TARGETED_DEVICE_FAMILY = 4;
				WATCHOS_DEPLOYMENT_TARGET = 7.0;
			};
			name = Alpha;
		};
		077035F2273C69A900F8D373 /* Alpha */ = {
			isa = XCBuildConfiguration;
			buildSettings = {
				ASSETCATALOG_COMPILER_APPICON_NAME = "App Icon & Top Shelf Image";
				ASSETCATALOG_COMPILER_GLOBAL_ACCENT_COLOR_NAME = AccentColor;
				CODE_SIGN_STYLE = Automatic;
				DEVELOPMENT_TEAM = Z86DH46P79;
				ENABLE_PREVIEWS = YES;
				INFOPLIST_FILE = tvOS/Info.plist;
				LD_RUNPATH_SEARCH_PATHS = (
					"$(inherited)",
					"@executable_path/Frameworks",
				);
				PRODUCT_BUNDLE_IDENTIFIER = com.oliverbinns.tubestatus.tvOS;
				PRODUCT_NAME = "$(TARGET_NAME)";
				SDKROOT = appletvos;
				SWIFT_VERSION = 5.0;
				TARGETED_DEVICE_FAMILY = 3;
				TVOS_DEPLOYMENT_TARGET = 14.0;
			};
			name = Alpha;
		};
		077035F3273C69A900F8D373 /* Alpha */ = {
			isa = XCBuildConfiguration;
			buildSettings = {
				ASSETCATALOG_COMPILER_APPICON_NAME = AppIcon;
				ASSETCATALOG_COMPILER_GLOBAL_ACCENT_COLOR_NAME = AccentColor;
				CODE_SIGN_ENTITLEMENTS = macOS/macOS.entitlements;
				CODE_SIGN_IDENTITY = "-";
				CODE_SIGN_STYLE = Automatic;
				COMBINE_HIDPI_IMAGES = YES;
				DEVELOPMENT_TEAM = Z86DH46P79;
				ENABLE_HARDENED_RUNTIME = YES;
				ENABLE_PREVIEWS = YES;
				INFOPLIST_FILE = macOS/Info.plist;
				LD_RUNPATH_SEARCH_PATHS = (
					"$(inherited)",
					"@executable_path/../Frameworks",
				);
				MACOSX_DEPLOYMENT_TARGET = 10.16;
				PRODUCT_BUNDLE_IDENTIFIER = com.oliverbinns.tubestatus.macOS;
				PRODUCT_NAME = "$(TARGET_NAME)";
				SDKROOT = macosx;
				SWIFT_VERSION = 5.0;
			};
			name = Alpha;
		};
		077035F4273C69BD00F8D373 /* Release */ = {
			isa = XCBuildConfiguration;
			buildSettings = {
				ALWAYS_SEARCH_USER_PATHS = NO;
				CLANG_ANALYZER_NONNULL = YES;
				CLANG_ANALYZER_NUMBER_OBJECT_CONVERSION = YES_AGGRESSIVE;
				CLANG_CXX_LANGUAGE_STANDARD = "gnu++14";
				CLANG_CXX_LIBRARY = "libc++";
				CLANG_ENABLE_MODULES = YES;
				CLANG_ENABLE_OBJC_ARC = YES;
				CLANG_ENABLE_OBJC_WEAK = YES;
				CLANG_WARN_BLOCK_CAPTURE_AUTORELEASING = YES;
				CLANG_WARN_BOOL_CONVERSION = YES;
				CLANG_WARN_COMMA = YES;
				CLANG_WARN_CONSTANT_CONVERSION = YES;
				CLANG_WARN_DEPRECATED_OBJC_IMPLEMENTATIONS = YES;
				CLANG_WARN_DIRECT_OBJC_ISA_USAGE = YES_ERROR;
				CLANG_WARN_DOCUMENTATION_COMMENTS = YES;
				CLANG_WARN_EMPTY_BODY = YES;
				CLANG_WARN_ENUM_CONVERSION = YES;
				CLANG_WARN_INFINITE_RECURSION = YES;
				CLANG_WARN_INT_CONVERSION = YES;
				CLANG_WARN_NON_LITERAL_NULL_CONVERSION = YES;
				CLANG_WARN_OBJC_IMPLICIT_RETAIN_SELF = YES;
				CLANG_WARN_OBJC_LITERAL_CONVERSION = YES;
				CLANG_WARN_OBJC_ROOT_CLASS = YES_ERROR;
				CLANG_WARN_QUOTED_INCLUDE_IN_FRAMEWORK_HEADER = YES;
				CLANG_WARN_RANGE_LOOP_ANALYSIS = YES;
				CLANG_WARN_STRICT_PROTOTYPES = YES;
				CLANG_WARN_SUSPICIOUS_MOVE = YES;
				CLANG_WARN_UNGUARDED_AVAILABILITY = YES_AGGRESSIVE;
				CLANG_WARN_UNREACHABLE_CODE = YES;
				CLANG_WARN__DUPLICATE_METHOD_MATCH = YES;
				COPY_PHASE_STRIP = NO;
				DEBUG_INFORMATION_FORMAT = "dwarf-with-dsym";
				ENABLE_NS_ASSERTIONS = NO;
				ENABLE_STRICT_OBJC_MSGSEND = YES;
				GCC_C_LANGUAGE_STANDARD = gnu11;
				GCC_NO_COMMON_BLOCKS = YES;
				GCC_WARN_64_TO_32_BIT_CONVERSION = YES;
				GCC_WARN_ABOUT_RETURN_TYPE = YES_ERROR;
				GCC_WARN_UNDECLARED_SELECTOR = YES;
				GCC_WARN_UNINITIALIZED_AUTOS = YES_AGGRESSIVE;
				GCC_WARN_UNUSED_FUNCTION = YES;
				GCC_WARN_UNUSED_VARIABLE = YES;
				IPHONEOS_DEPLOYMENT_TARGET = 14.0;
				MTL_ENABLE_DEBUG_INFO = NO;
				MTL_FAST_MATH = YES;
				SDKROOT = iphoneos;
				SWIFT_COMPILATION_MODE = wholemodule;
				SWIFT_OPTIMIZATION_LEVEL = "-O";
				VALIDATE_PRODUCT = YES;
			};
			name = Release;
		};
		077035F5273C69BD00F8D373 /* Release */ = {
			isa = XCBuildConfiguration;
			buildSettings = {
				ALWAYS_EMBED_SWIFT_STANDARD_LIBRARIES = YES;
				ASSETCATALOG_COMPILER_APPICON_NAME = AppIcon;
				ASSETCATALOG_COMPILER_GLOBAL_ACCENT_COLOR_NAME = AccentColor;
				CODE_SIGN_STYLE = Automatic;
				CURRENT_PROJECT_VERSION = 1;
				DEVELOPMENT_ASSET_PATHS = "";
				DEVELOPMENT_TEAM = Z86DH46P79;
				ENABLE_PREVIEWS = YES;
				INFOPLIST_FILE = iOS/Info.plist;
				IPHONEOS_DEPLOYMENT_TARGET = 14.0;
				LD_RUNPATH_SEARCH_PATHS = (
					"$(inherited)",
					"@executable_path/Frameworks",
				);
				PRODUCT_BUNDLE_IDENTIFIER = "com.oliver-binns.tubestatus";
				PRODUCT_NAME = "$(TARGET_NAME)";
				SWIFT_VERSION = 5.0;
				TARGETED_DEVICE_FAMILY = "1,2";
			};
			name = Release;
		};
		077035F6273C69BD00F8D373 /* Release */ = {
			isa = XCBuildConfiguration;
			buildSettings = {
				APPLICATION_EXTENSION_API_ONLY = YES;
				ASSETCATALOG_COMPILER_GLOBAL_ACCENT_COLOR_NAME = AccentColor;
				ASSETCATALOG_COMPILER_WIDGET_BACKGROUND_COLOR_NAME = WidgetBackground;
				CODE_SIGN_ENTITLEMENTS = "iOS-Widget.entitlements";
				CODE_SIGN_STYLE = Automatic;
				CURRENT_PROJECT_VERSION = 1;
				DEVELOPMENT_TEAM = Z86DH46P79;
				INFOPLIST_FILE = Widget/Info.plist;
				LD_RUNPATH_SEARCH_PATHS = (
					"$(inherited)",
					"@executable_path/Frameworks",
					"@executable_path/../../Frameworks",
				);
				PRODUCT_BUNDLE_IDENTIFIER = "com.oliver-binns.tubestatus.homescreen";
				PRODUCT_NAME = "$(TARGET_NAME)";
				SKIP_INSTALL = YES;
				SUPPORTS_MACCATALYST = NO;
				SWIFT_VERSION = 5.0;
				TARGETED_DEVICE_FAMILY = "1,2";
			};
			name = Release;
		};
		077035F7273C69BD00F8D373 /* Release */ = {
			isa = XCBuildConfiguration;
			buildSettings = {
				ASSETCATALOG_COMPILER_GLOBAL_ACCENT_COLOR_NAME = AccentColor;
				CODE_SIGN_STYLE = Automatic;
				CURRENT_PROJECT_VERSION = 1;
				DEVELOPMENT_TEAM = Z86DH46P79;
				MARKETING_VERSION = 1.0;
				PRODUCT_BUNDLE_IDENTIFIER = com.oliverbinns.tubestatus.watchOS;
				PRODUCT_NAME = "$(TARGET_NAME)";
				SWIFT_VERSION = 5.0;
			};
			name = Release;
		};
		077035F8273C69BD00F8D373 /* Release */ = {
			isa = XCBuildConfiguration;
			buildSettings = {
				ALWAYS_EMBED_SWIFT_STANDARD_LIBRARIES = YES;
				ASSETCATALOG_COMPILER_APPICON_NAME = AppIcon;
				ASSETCATALOG_COMPILER_GLOBAL_ACCENT_COLOR_NAME = AccentColor;
				CODE_SIGN_STYLE = Automatic;
				DEVELOPMENT_TEAM = Z86DH46P79;
				IBSC_MODULE = watchOS_WatchKit_Extension;
				INFOPLIST_FILE = "watchOS WatchKit App/Info.plist";
				LD_RUNPATH_SEARCH_PATHS = (
					"$(inherited)",
					"@executable_path/Frameworks",
				);
				PRODUCT_BUNDLE_IDENTIFIER = com.oliverbinns.tubestatus.watchOS.watchkitapp;
				PRODUCT_NAME = "$(TARGET_NAME)";
				SDKROOT = watchos;
				SKIP_INSTALL = YES;
				SWIFT_VERSION = 5.0;
				TARGETED_DEVICE_FAMILY = 4;
				WATCHOS_DEPLOYMENT_TARGET = 7.0;
			};
			name = Release;
		};
		077035F9273C69BD00F8D373 /* Release */ = {
			isa = XCBuildConfiguration;
			buildSettings = {
				ASSETCATALOG_COMPILER_COMPLICATION_NAME = Complication;
				CODE_SIGN_STYLE = Automatic;
				DEVELOPMENT_TEAM = Z86DH46P79;
				ENABLE_PREVIEWS = YES;
				INFOPLIST_FILE = "watchOS WatchKit Extension/Info.plist";
				LD_RUNPATH_SEARCH_PATHS = (
					"$(inherited)",
					"@executable_path/Frameworks",
					"@executable_path/../../Frameworks",
				);
				PRODUCT_BUNDLE_IDENTIFIER = com.oliverbinns.tubestatus.watchOS.watchkitapp.watchkitextension;
				PRODUCT_NAME = "${TARGET_NAME}";
				SDKROOT = watchos;
				SKIP_INSTALL = YES;
				SWIFT_VERSION = 5.0;
				TARGETED_DEVICE_FAMILY = 4;
				WATCHOS_DEPLOYMENT_TARGET = 7.0;
			};
			name = Release;
		};
		077035FA273C69BD00F8D373 /* Release */ = {
			isa = XCBuildConfiguration;
			buildSettings = {
				ASSETCATALOG_COMPILER_APPICON_NAME = "App Icon & Top Shelf Image";
				ASSETCATALOG_COMPILER_GLOBAL_ACCENT_COLOR_NAME = AccentColor;
				CODE_SIGN_STYLE = Automatic;
				DEVELOPMENT_TEAM = Z86DH46P79;
				ENABLE_PREVIEWS = YES;
				INFOPLIST_FILE = tvOS/Info.plist;
				LD_RUNPATH_SEARCH_PATHS = (
					"$(inherited)",
					"@executable_path/Frameworks",
				);
				PRODUCT_BUNDLE_IDENTIFIER = com.oliverbinns.tubestatus.tvOS;
				PRODUCT_NAME = "$(TARGET_NAME)";
				SDKROOT = appletvos;
				SWIFT_VERSION = 5.0;
				TARGETED_DEVICE_FAMILY = 3;
				TVOS_DEPLOYMENT_TARGET = 14.0;
			};
			name = Release;
		};
		077035FB273C69BD00F8D373 /* Release */ = {
			isa = XCBuildConfiguration;
			buildSettings = {
				ASSETCATALOG_COMPILER_APPICON_NAME = AppIcon;
				ASSETCATALOG_COMPILER_GLOBAL_ACCENT_COLOR_NAME = AccentColor;
				CODE_SIGN_ENTITLEMENTS = macOS/macOS.entitlements;
				CODE_SIGN_IDENTITY = "-";
				CODE_SIGN_STYLE = Automatic;
				COMBINE_HIDPI_IMAGES = YES;
				DEVELOPMENT_TEAM = Z86DH46P79;
				ENABLE_HARDENED_RUNTIME = YES;
				ENABLE_PREVIEWS = YES;
				INFOPLIST_FILE = macOS/Info.plist;
				LD_RUNPATH_SEARCH_PATHS = (
					"$(inherited)",
					"@executable_path/../Frameworks",
				);
				MACOSX_DEPLOYMENT_TARGET = 10.16;
				PRODUCT_BUNDLE_IDENTIFIER = com.oliverbinns.tubestatus.macOS;
				PRODUCT_NAME = "$(TARGET_NAME)";
				SDKROOT = macosx;
				SWIFT_VERSION = 5.0;
			};
			name = Release;
		};
		077FB3E724B465DF00AAB327 /* Debug */ = {
			isa = XCBuildConfiguration;
			buildSettings = {
				ASSETCATALOG_COMPILER_COMPLICATION_NAME = Complication;
				CODE_SIGN_STYLE = Automatic;
				DEVELOPMENT_TEAM = Z86DH46P79;
				ENABLE_PREVIEWS = YES;
				INFOPLIST_FILE = "watchOS WatchKit Extension/Info.plist";
				LD_RUNPATH_SEARCH_PATHS = (
					"$(inherited)",
					"@executable_path/Frameworks",
					"@executable_path/../../Frameworks",
				);
				PRODUCT_BUNDLE_IDENTIFIER = com.oliverbinns.tubestatus.watchOS.watchkitapp.watchkitextension;
				PRODUCT_NAME = "${TARGET_NAME}";
				SDKROOT = watchos;
				SKIP_INSTALL = YES;
				SWIFT_VERSION = 5.0;
				TARGETED_DEVICE_FAMILY = 4;
				WATCHOS_DEPLOYMENT_TARGET = 7.0;
			};
			name = Debug;
		};
		077FB3EB24B465DF00AAB327 /* Debug */ = {
			isa = XCBuildConfiguration;
			buildSettings = {
				ALWAYS_EMBED_SWIFT_STANDARD_LIBRARIES = YES;
				ASSETCATALOG_COMPILER_APPICON_NAME = AppIcon;
				ASSETCATALOG_COMPILER_GLOBAL_ACCENT_COLOR_NAME = AccentColor;
				CODE_SIGN_STYLE = Automatic;
				DEVELOPMENT_TEAM = Z86DH46P79;
				IBSC_MODULE = watchOS_WatchKit_Extension;
				INFOPLIST_FILE = "watchOS WatchKit App/Info.plist";
				LD_RUNPATH_SEARCH_PATHS = (
					"$(inherited)",
					"@executable_path/Frameworks",
				);
				PRODUCT_BUNDLE_IDENTIFIER = com.oliverbinns.tubestatus.watchOS.watchkitapp;
				PRODUCT_NAME = "$(TARGET_NAME)";
				SDKROOT = watchos;
				SKIP_INSTALL = YES;
				SWIFT_VERSION = 5.0;
				TARGETED_DEVICE_FAMILY = 4;
				WATCHOS_DEPLOYMENT_TARGET = 7.0;
			};
			name = Debug;
		};
		077FB3EF24B465DF00AAB327 /* Debug */ = {
			isa = XCBuildConfiguration;
			buildSettings = {
				ASSETCATALOG_COMPILER_GLOBAL_ACCENT_COLOR_NAME = AccentColor;
				CODE_SIGN_STYLE = Automatic;
				CURRENT_PROJECT_VERSION = 1;
				DEVELOPMENT_TEAM = Z86DH46P79;
				MARKETING_VERSION = 1.0;
				PRODUCT_BUNDLE_IDENTIFIER = com.oliverbinns.tubestatus.watchOS;
				PRODUCT_NAME = "$(TARGET_NAME)";
				SWIFT_VERSION = 5.0;
			};
			name = Debug;
		};
		077FB40824B4679500AAB327 /* Debug */ = {
			isa = XCBuildConfiguration;
			buildSettings = {
				ASSETCATALOG_COMPILER_APPICON_NAME = "App Icon & Top Shelf Image";
				ASSETCATALOG_COMPILER_GLOBAL_ACCENT_COLOR_NAME = AccentColor;
				CODE_SIGN_STYLE = Automatic;
				DEVELOPMENT_TEAM = Z86DH46P79;
				ENABLE_PREVIEWS = YES;
				INFOPLIST_FILE = tvOS/Info.plist;
				LD_RUNPATH_SEARCH_PATHS = (
					"$(inherited)",
					"@executable_path/Frameworks",
				);
				PRODUCT_BUNDLE_IDENTIFIER = com.oliverbinns.tubestatus.tvOS;
				PRODUCT_NAME = "$(TARGET_NAME)";
				SDKROOT = appletvos;
				SWIFT_VERSION = 5.0;
				TARGETED_DEVICE_FAMILY = 3;
				TVOS_DEPLOYMENT_TARGET = 14.0;
			};
			name = Debug;
		};
		07BA5C5F24B8C6AA00193157 /* Debug */ = {
			isa = XCBuildConfiguration;
			buildSettings = {
				ASSETCATALOG_COMPILER_APPICON_NAME = AppIcon;
				ASSETCATALOG_COMPILER_GLOBAL_ACCENT_COLOR_NAME = AccentColor;
				CODE_SIGN_ENTITLEMENTS = macOS/macOS.entitlements;
				CODE_SIGN_IDENTITY = "-";
				CODE_SIGN_STYLE = Automatic;
				COMBINE_HIDPI_IMAGES = YES;
				DEVELOPMENT_TEAM = Z86DH46P79;
				ENABLE_HARDENED_RUNTIME = YES;
				ENABLE_PREVIEWS = YES;
				INFOPLIST_FILE = macOS/Info.plist;
				LD_RUNPATH_SEARCH_PATHS = (
					"$(inherited)",
					"@executable_path/../Frameworks",
				);
				MACOSX_DEPLOYMENT_TARGET = 10.16;
				PRODUCT_BUNDLE_IDENTIFIER = com.oliverbinns.tubestatus.macOS;
				PRODUCT_NAME = "$(TARGET_NAME)";
				SDKROOT = macosx;
				SWIFT_VERSION = 5.0;
			};
			name = Debug;
		};
		7C1873B224A3A462009CCECC /* Debug */ = {
			isa = XCBuildConfiguration;
			buildSettings = {
				ALWAYS_SEARCH_USER_PATHS = NO;
				CLANG_ANALYZER_NONNULL = YES;
				CLANG_ANALYZER_NUMBER_OBJECT_CONVERSION = YES_AGGRESSIVE;
				CLANG_CXX_LANGUAGE_STANDARD = "gnu++14";
				CLANG_CXX_LIBRARY = "libc++";
				CLANG_ENABLE_MODULES = YES;
				CLANG_ENABLE_OBJC_ARC = YES;
				CLANG_ENABLE_OBJC_WEAK = YES;
				CLANG_WARN_BLOCK_CAPTURE_AUTORELEASING = YES;
				CLANG_WARN_BOOL_CONVERSION = YES;
				CLANG_WARN_COMMA = YES;
				CLANG_WARN_CONSTANT_CONVERSION = YES;
				CLANG_WARN_DEPRECATED_OBJC_IMPLEMENTATIONS = YES;
				CLANG_WARN_DIRECT_OBJC_ISA_USAGE = YES_ERROR;
				CLANG_WARN_DOCUMENTATION_COMMENTS = YES;
				CLANG_WARN_EMPTY_BODY = YES;
				CLANG_WARN_ENUM_CONVERSION = YES;
				CLANG_WARN_INFINITE_RECURSION = YES;
				CLANG_WARN_INT_CONVERSION = YES;
				CLANG_WARN_NON_LITERAL_NULL_CONVERSION = YES;
				CLANG_WARN_OBJC_IMPLICIT_RETAIN_SELF = YES;
				CLANG_WARN_OBJC_LITERAL_CONVERSION = YES;
				CLANG_WARN_OBJC_ROOT_CLASS = YES_ERROR;
				CLANG_WARN_QUOTED_INCLUDE_IN_FRAMEWORK_HEADER = YES;
				CLANG_WARN_RANGE_LOOP_ANALYSIS = YES;
				CLANG_WARN_STRICT_PROTOTYPES = YES;
				CLANG_WARN_SUSPICIOUS_MOVE = YES;
				CLANG_WARN_UNGUARDED_AVAILABILITY = YES_AGGRESSIVE;
				CLANG_WARN_UNREACHABLE_CODE = YES;
				CLANG_WARN__DUPLICATE_METHOD_MATCH = YES;
				COPY_PHASE_STRIP = NO;
				DEBUG_INFORMATION_FORMAT = dwarf;
				ENABLE_STRICT_OBJC_MSGSEND = YES;
				ENABLE_TESTABILITY = YES;
				GCC_C_LANGUAGE_STANDARD = gnu11;
				GCC_DYNAMIC_NO_PIC = NO;
				GCC_NO_COMMON_BLOCKS = YES;
				GCC_OPTIMIZATION_LEVEL = 0;
				GCC_PREPROCESSOR_DEFINITIONS = (
					"DEBUG=1",
					"$(inherited)",
				);
				GCC_WARN_64_TO_32_BIT_CONVERSION = YES;
				GCC_WARN_ABOUT_RETURN_TYPE = YES_ERROR;
				GCC_WARN_UNDECLARED_SELECTOR = YES;
				GCC_WARN_UNINITIALIZED_AUTOS = YES_AGGRESSIVE;
				GCC_WARN_UNUSED_FUNCTION = YES;
				GCC_WARN_UNUSED_VARIABLE = YES;
				IPHONEOS_DEPLOYMENT_TARGET = 14.0;
				MTL_ENABLE_DEBUG_INFO = INCLUDE_SOURCE;
				MTL_FAST_MATH = YES;
				ONLY_ACTIVE_ARCH = YES;
				SDKROOT = iphoneos;
				SWIFT_ACTIVE_COMPILATION_CONDITIONS = DEBUG;
				SWIFT_OPTIMIZATION_LEVEL = "-Onone";
			};
			name = Debug;
		};
		7C1873B524A3A462009CCECC /* Debug */ = {
			isa = XCBuildConfiguration;
			buildSettings = {
				ALWAYS_EMBED_SWIFT_STANDARD_LIBRARIES = YES;
				ASSETCATALOG_COMPILER_APPICON_NAME = AppIcon;
				ASSETCATALOG_COMPILER_GLOBAL_ACCENT_COLOR_NAME = AccentColor;
				CODE_SIGN_STYLE = Automatic;
				CURRENT_PROJECT_VERSION = 1;
				DEVELOPMENT_ASSET_PATHS = "";
				DEVELOPMENT_TEAM = Z86DH46P79;
				ENABLE_PREVIEWS = YES;
				INFOPLIST_FILE = iOS/Info.plist;
				IPHONEOS_DEPLOYMENT_TARGET = 14.0;
				LD_RUNPATH_SEARCH_PATHS = (
					"$(inherited)",
					"@executable_path/Frameworks",
				);
				PRODUCT_BUNDLE_IDENTIFIER = "com.oliver-binns.tubestatus";
				PRODUCT_NAME = "$(TARGET_NAME)";
				SWIFT_VERSION = 5.0;
				TARGETED_DEVICE_FAMILY = "1,2";
			};
			name = Debug;
		};
		7C18741E24A3A85A009CCECC /* Debug */ = {
			isa = XCBuildConfiguration;
			buildSettings = {
				APPLICATION_EXTENSION_API_ONLY = YES;
				ASSETCATALOG_COMPILER_GLOBAL_ACCENT_COLOR_NAME = AccentColor;
				ASSETCATALOG_COMPILER_WIDGET_BACKGROUND_COLOR_NAME = WidgetBackground;
				CODE_SIGN_ENTITLEMENTS = "iOS-Widget.entitlements";
				CODE_SIGN_STYLE = Automatic;
				CURRENT_PROJECT_VERSION = 1;
				DEVELOPMENT_TEAM = Z86DH46P79;
				INFOPLIST_FILE = Widget/Info.plist;
				LD_RUNPATH_SEARCH_PATHS = (
					"$(inherited)",
					"@executable_path/Frameworks",
					"@executable_path/../../Frameworks",
				);
				PRODUCT_BUNDLE_IDENTIFIER = "com.oliver-binns.tubestatus.homescreen";
				PRODUCT_NAME = "$(TARGET_NAME)";
				SKIP_INSTALL = YES;
				SUPPORTS_MACCATALYST = NO;
				SWIFT_VERSION = 5.0;
				TARGETED_DEVICE_FAMILY = "1,2";
			};
			name = Debug;
		};
/* End XCBuildConfiguration section */

/* Begin XCConfigurationList section */
		077FB3E624B465DF00AAB327 /* Build configuration list for PBXNativeTarget "watchOS WatchKit Extension" */ = {
			isa = XCConfigurationList;
			buildConfigurations = (
				077FB3E724B465DF00AAB327 /* Debug */,
				077035F1273C69A900F8D373 /* Alpha */,
				077035E9273C69A300F8D373 /* Beta */,
				077035F9273C69BD00F8D373 /* Release */,
			);
			defaultConfigurationIsVisible = 0;
			defaultConfigurationName = Debug;
		};
		077FB3EA24B465DF00AAB327 /* Build configuration list for PBXNativeTarget "watchOS WatchKit App" */ = {
			isa = XCConfigurationList;
			buildConfigurations = (
				077FB3EB24B465DF00AAB327 /* Debug */,
				077035F0273C69A900F8D373 /* Alpha */,
				077035E8273C69A300F8D373 /* Beta */,
				077035F8273C69BD00F8D373 /* Release */,
			);
			defaultConfigurationIsVisible = 0;
			defaultConfigurationName = Debug;
		};
		077FB3EE24B465DF00AAB327 /* Build configuration list for PBXNativeTarget "watchOS" */ = {
			isa = XCConfigurationList;
			buildConfigurations = (
				077FB3EF24B465DF00AAB327 /* Debug */,
				077035EF273C69A900F8D373 /* Alpha */,
				077035E7273C69A300F8D373 /* Beta */,
				077035F7273C69BD00F8D373 /* Release */,
			);
			defaultConfigurationIsVisible = 0;
			defaultConfigurationName = Debug;
		};
		077FB40724B4679500AAB327 /* Build configuration list for PBXNativeTarget "tvOS" */ = {
			isa = XCConfigurationList;
			buildConfigurations = (
				077FB40824B4679500AAB327 /* Debug */,
				077035F2273C69A900F8D373 /* Alpha */,
				077035EA273C69A300F8D373 /* Beta */,
				077035FA273C69BD00F8D373 /* Release */,
			);
			defaultConfigurationIsVisible = 0;
			defaultConfigurationName = Debug;
		};
		07BA5C6124B8C6AA00193157 /* Build configuration list for PBXNativeTarget "macOS" */ = {
			isa = XCConfigurationList;
			buildConfigurations = (
				07BA5C5F24B8C6AA00193157 /* Debug */,
				077035F3273C69A900F8D373 /* Alpha */,
				077035EB273C69A300F8D373 /* Beta */,
				077035FB273C69BD00F8D373 /* Release */,
			);
			defaultConfigurationIsVisible = 0;
			defaultConfigurationName = Debug;
		};
		7C18738A24A3A45E009CCECC /* Build configuration list for PBXProject "TubeStatus" */ = {
			isa = XCConfigurationList;
			buildConfigurations = (
				7C1873B224A3A462009CCECC /* Debug */,
				077035EC273C69A900F8D373 /* Alpha */,
				077035E4273C69A300F8D373 /* Beta */,
				077035F4273C69BD00F8D373 /* Release */,
			);
			defaultConfigurationIsVisible = 0;
			defaultConfigurationName = Debug;
		};
		7C1873B424A3A462009CCECC /* Build configuration list for PBXNativeTarget "iOS" */ = {
			isa = XCConfigurationList;
			buildConfigurations = (
				7C1873B524A3A462009CCECC /* Debug */,
				077035ED273C69A900F8D373 /* Alpha */,
				077035E5273C69A300F8D373 /* Beta */,
				077035F5273C69BD00F8D373 /* Release */,
			);
			defaultConfigurationIsVisible = 0;
			defaultConfigurationName = Debug;
		};
		7C18741D24A3A85A009CCECC /* Build configuration list for PBXNativeTarget "iOS-Widget" */ = {
			isa = XCConfigurationList;
			buildConfigurations = (
				7C18741E24A3A85A009CCECC /* Debug */,
				077035EE273C69A900F8D373 /* Alpha */,
				077035E6273C69A300F8D373 /* Beta */,
				077035F6273C69BD00F8D373 /* Release */,
			);
			defaultConfigurationIsVisible = 0;
			defaultConfigurationName = Debug;
		};
/* End XCConfigurationList section */

/* Begin XCSwiftPackageProductDependency section */
		07DD248127176A3400D39A5B /* About */ = {
			isa = XCSwiftPackageProductDependency;
			productName = About;
		};
		07DD24862718067300D39A5B /* JourneyPlanner */ = {
			isa = XCSwiftPackageProductDependency;
			productName = JourneyPlanner;
		};
		07DD24882718067E00D39A5B /* UndergroundStatus */ = {
			isa = XCSwiftPackageProductDependency;
			productName = UndergroundStatus;
		};
		07DD248C2718069700D39A5B /* UndergroundStatus */ = {
			isa = XCSwiftPackageProductDependency;
			productName = UndergroundStatus;
		};
		07DD248E2718091B00D39A5B /* UndergroundStatus */ = {
			isa = XCSwiftPackageProductDependency;
			productName = UndergroundStatus;
		};
		07DD24902718092700D39A5B /* UndergroundStatus */ = {
			isa = XCSwiftPackageProductDependency;
			productName = UndergroundStatus;
		};
		07DD24922718093000D39A5B /* UndergroundStatus */ = {
			isa = XCSwiftPackageProductDependency;
			productName = UndergroundStatus;
		};
		07DD24942718093A00D39A5B /* UndergroundStatus */ = {
			isa = XCSwiftPackageProductDependency;
			productName = UndergroundStatus;
		};
/* End XCSwiftPackageProductDependency section */
	};
	rootObject = 7C18738724A3A45E009CCECC /* Project object */;
}
